# This file was autogenerated by Stack.
# You should not edit this file by hand.
# For more information, please see the documentation at:
#   https://docs.haskellstack.org/en/stable/lock_files

packages:
- completed:
    hackage: extra-1.7.10@sha256:40545e71e1aa96d44da04d2d4bc234fd9062f47f0d24f5f19d5bc782060c12ad,2794
    pantry-tree:
      sha256: c6b0eb931d787b69eebed07f78c927ac20381aafcc42ecf424f091272368c897
      size: 1896
  original:
    hackage: extra-1.7.10
snapshots:
- completed:
    sha256: 521009bd88879b6993fab5ea5abe1ee2a539dfd8ec2dfc7c57017a8eaee1e78b
    size: 720262
    url: https://raw.githubusercontent.com/commercialhaskell/stackage-snapshots/master/lts/22/40.yaml
  original:
    url: https://raw.githubusercontent.com/commercialhaskell/stackage-snapshots/master/lts/22/40.yaml
